{
  "version": 4,
  "terraform_version": "1.1.9",
  "serial": 4,
  "lineage": "da916306-c25c-fdbc-e890-718c3b241364",
  "outputs": {},
  "resources": [
    {
      "mode": "managed",
      "type": "github_branch",
      "name": "master",
      "provider": "provider[\"registry.terraform.io/integrations/github\"]",
      "instances": [
        {
          "schema_version": 0,
          "attributes": {
            "branch": "master",
            "etag": "W/\"1327fdde0483ab7182c1e86895176e38c8df17e30a0058084443f24784c0f049\"",
            "id": "twinkle:master",
            "ref": "refs/heads/master",
            "repository": "twinkle",
            "sha": "61ea254d1cfc7a2866af2a710d62669cc6586603",
            "source_branch": "main",
            "source_sha": "61ea254d1cfc7a2866af2a710d62669cc6586603"
          },
          "sensitive_attributes": [],
          "private": "bnVsbA==",
          "dependencies": [
            "github_repository.twinkle"
          ]
        }
      ]
    },
    {
      "mode": "managed",
      "type": "github_branch_default",
      "name": "default",
      "provider": "provider[\"registry.terraform.io/integrations/github\"]",
      "instances": [
        {
          "schema_version": 0,
          "attributes": {
            "branch": "master",
            "id": "twinkle",
            "repository": "twinkle"
          },
          "sensitive_attributes": [],
          "private": "bnVsbA==",
          "dependencies": [
            "github_branch.master",
            "github_repository.twinkle"
          ]
        }
      ]
    },
    {
      "mode": "managed",
      "type": "github_repository",
      "name": "twinkle",
      "provider": "provider[\"registry.terraform.io/integrations/github\"]",
      "instances": [
        {
          "schema_version": 0,
          "attributes": {
            "allow_auto_merge": false,
            "allow_merge_commit": true,
            "allow_rebase_merge": true,
            "allow_squash_merge": true,
            "archive_on_destroy": null,
            "archived": false,
            "auto_init": true,
            "branches": [
              {
                "name": "main",
                "protected": false
              }
            ],
            "default_branch": "main",
            "delete_branch_on_merge": false,
            "description": "",
            "etag": "W/\"dc8e2143dafdd3585450ac2f4a3347292bbf3414c63a4ba85ef5db398a3de354\"",
            "full_name": "cconstantine/twinkle",
            "git_clone_url": "git://github.com/cconstantine/twinkle.git",
            "gitignore_template": null,
            "has_downloads": false,
            "has_issues": false,
            "has_projects": false,
            "has_wiki": false,
            "homepage_url": "",
            "html_url": "https://github.com/cconstantine/twinkle",
            "http_clone_url": "https://github.com/cconstantine/twinkle.git",
            "id": "twinkle",
            "ignore_vulnerability_alerts_during_read": null,
            "is_template": false,
            "license_template": null,
            "name": "twinkle",
            "node_id": "R_kgDOH3WE-g",
            "pages": [],
            "private": false,
            "repo_id": 527795450,
            "ssh_clone_url": "git@github.com:cconstantine/twinkle.git",
            "svn_url": "https://github.com/cconstantine/twinkle",
            "template": [],
            "topics": null,
            "visibility": "public",
            "vulnerability_alerts": false
          },
          "sensitive_attributes": [],
          "private": "bnVsbA=="
        }
      ]
    }
  ]
}
